
Microsoft Visual Studio Solution File, Format Version 12.00
# Visual Studio 2012
Project("{FAE04EC0-301F-11D3-BF4B-00C04F79EFBC}") = "CSShellExtThumbnailHandler", "CSShellExtThumbnailHandler.csproj", "{764D46AA-3E8A-4C38-8FCB-92CA0D83497A}"
EndProject
Project("{930C7802-8A8C-48F9-8165-68863BCCD9DD}") = "Setup", "Setup\Setup.wixproj", "{093B97B0-7095-4FE1-A99E-58230C66E19D}"
EndProject
Project("{FAE04EC0-301F-11D3-BF4B-00C04F79EFBC}") = "InstallAction", "CustomAction1\InstallAction.csproj", "{ACCE5095-109A-455A-AC05-7A78C1222F01}"
EndProject
Global
	GlobalSection(SolutionConfigurationPlatforms) = preSolution
		CodeAnalysisDebug|Any CPU = CodeAnalysisDebug|Any CPU
		CodeAnalysisDebug|Mixed Platforms = CodeAnalysisDebug|Mixed Platforms
		CodeAnalysisDebug|x64 = CodeAnalysisDebug|x64
		CodeAnalysisDebug|x86 = CodeAnalysisDebug|x86
		Debug|Any CPU = Debug|Any CPU
		Debug|Mixed Platforms = Debug|Mixed Platforms
		Debug|x64 = Debug|x64
		Debug|x86 = Debug|x86
		Release|Any CPU = Release|Any CPU
		Release|Mixed Platforms = Release|Mixed Platforms
		Release|x64 = Release|x64
		Release|x86 = Release|x86
		ReleaseX64|Any CPU = ReleaseX64|Any CPU
		ReleaseX64|Mixed Platforms = ReleaseX64|Mixed Platforms
		ReleaseX64|x64 = ReleaseX64|x64
		ReleaseX64|x86 = ReleaseX64|x86
	EndGlobalSection
	GlobalSection(ProjectConfigurationPlatforms) = postSolution
		{764D46AA-3E8A-4C38-8FCB-92CA0D83497A}.CodeAnalysisDebug|Any CPU.ActiveCfg = Debug|Any CPU
		{764D46AA-3E8A-4C38-8FCB-92CA0D83497A}.CodeAnalysisDebug|Any CPU.Build.0 = Debug|Any CPU
		{764D46AA-3E8A-4C38-8FCB-92CA0D83497A}.CodeAnalysisDebug|Mixed Platforms.ActiveCfg = Debug|Any CPU
		{764D46AA-3E8A-4C38-8FCB-92CA0D83497A}.CodeAnalysisDebug|Mixed Platforms.Build.0 = Debug|Any CPU
		{764D46AA-3E8A-4C38-8FCB-92CA0D83497A}.CodeAnalysisDebug|x64.ActiveCfg = Debug|Any CPU
		{764D46AA-3E8A-4C38-8FCB-92CA0D83497A}.CodeAnalysisDebug|x86.ActiveCfg = Debug|Any CPU
		{764D46AA-3E8A-4C38-8FCB-92CA0D83497A}.Debug|Any CPU.ActiveCfg = Debug|Any CPU
		{764D46AA-3E8A-4C38-8FCB-92CA0D83497A}.Debug|Any CPU.Build.0 = Debug|Any CPU
		{764D46AA-3E8A-4C38-8FCB-92CA0D83497A}.Debug|Mixed Platforms.ActiveCfg = Debug|Any CPU
		{764D46AA-3E8A-4C38-8FCB-92CA0D83497A}.Debug|Mixed Platforms.Build.0 = Debug|Any CPU
		{764D46AA-3E8A-4C38-8FCB-92CA0D83497A}.Debug|x64.ActiveCfg = Debug|Any CPU
		{764D46AA-3E8A-4C38-8FCB-92CA0D83497A}.Debug|x86.ActiveCfg = Debug|Any CPU
		{764D46AA-3E8A-4C38-8FCB-92CA0D83497A}.Release|Any CPU.ActiveCfg = Release|Any CPU
		{764D46AA-3E8A-4C38-8FCB-92CA0D83497A}.Release|Any CPU.Build.0 = Release|Any CPU
		{764D46AA-3E8A-4C38-8FCB-92CA0D83497A}.Release|Mixed Platforms.ActiveCfg = Release|Any CPU
		{764D46AA-3E8A-4C38-8FCB-92CA0D83497A}.Release|Mixed Platforms.Build.0 = Release|Any CPU
		{764D46AA-3E8A-4C38-8FCB-92CA0D83497A}.Release|x64.ActiveCfg = Release|Any CPU
		{764D46AA-3E8A-4C38-8FCB-92CA0D83497A}.Release|x64.Build.0 = Release|Any CPU
		{764D46AA-3E8A-4C38-8FCB-92CA0D83497A}.Release|x86.ActiveCfg = Release|Any CPU
		{764D46AA-3E8A-4C38-8FCB-92CA0D83497A}.ReleaseX64|Any CPU.ActiveCfg = ReleaseX64|Any CPU
		{764D46AA-3E8A-4C38-8FCB-92CA0D83497A}.ReleaseX64|Any CPU.Build.0 = ReleaseX64|Any CPU
		{764D46AA-3E8A-4C38-8FCB-92CA0D83497A}.ReleaseX64|Mixed Platforms.ActiveCfg = ReleaseX64|x64
		{764D46AA-3E8A-4C38-8FCB-92CA0D83497A}.ReleaseX64|Mixed Platforms.Build.0 = ReleaseX64|x64
		{764D46AA-3E8A-4C38-8FCB-92CA0D83497A}.ReleaseX64|Mixed Platforms.Deploy.0 = ReleaseX64|x64
		{764D46AA-3E8A-4C38-8FCB-92CA0D83497A}.ReleaseX64|x64.ActiveCfg = ReleaseX64|x64
		{764D46AA-3E8A-4C38-8FCB-92CA0D83497A}.ReleaseX64|x64.Build.0 = ReleaseX64|x64
		{764D46AA-3E8A-4C38-8FCB-92CA0D83497A}.ReleaseX64|x86.ActiveCfg = ReleaseX64|Any CPU
		{093B97B0-7095-4FE1-A99E-58230C66E19D}.CodeAnalysisDebug|Any CPU.ActiveCfg = Debug|x86
		{093B97B0-7095-4FE1-A99E-58230C66E19D}.CodeAnalysisDebug|Mixed Platforms.ActiveCfg = Debug|x86
		{093B97B0-7095-4FE1-A99E-58230C66E19D}.CodeAnalysisDebug|Mixed Platforms.Build.0 = Debug|x86
		{093B97B0-7095-4FE1-A99E-58230C66E19D}.CodeAnalysisDebug|x64.ActiveCfg = Debug|x86
		{093B97B0-7095-4FE1-A99E-58230C66E19D}.CodeAnalysisDebug|x86.ActiveCfg = Debug|x86
		{093B97B0-7095-4FE1-A99E-58230C66E19D}.CodeAnalysisDebug|x86.Build.0 = Debug|x86
		{093B97B0-7095-4FE1-A99E-58230C66E19D}.Debug|Any CPU.ActiveCfg = Debug|x86
		{093B97B0-7095-4FE1-A99E-58230C66E19D}.Debug|Mixed Platforms.ActiveCfg = Debug|x86
		{093B97B0-7095-4FE1-A99E-58230C66E19D}.Debug|Mixed Platforms.Build.0 = Debug|x86
		{093B97B0-7095-4FE1-A99E-58230C66E19D}.Debug|x64.ActiveCfg = Debug|x86
		{093B97B0-7095-4FE1-A99E-58230C66E19D}.Debug|x86.ActiveCfg = Debug|x86
		{093B97B0-7095-4FE1-A99E-58230C66E19D}.Debug|x86.Build.0 = Debug|x86
		{093B97B0-7095-4FE1-A99E-58230C66E19D}.Release|Any CPU.ActiveCfg = Release|x86
		{093B97B0-7095-4FE1-A99E-58230C66E19D}.Release|Mixed Platforms.ActiveCfg = Release|x86
		{093B97B0-7095-4FE1-A99E-58230C66E19D}.Release|Mixed Platforms.Build.0 = Release|x86
		{093B97B0-7095-4FE1-A99E-58230C66E19D}.Release|x64.ActiveCfg = Release|x86
		{093B97B0-7095-4FE1-A99E-58230C66E19D}.Release|x86.ActiveCfg = Release|x86
		{093B97B0-7095-4FE1-A99E-58230C66E19D}.Release|x86.Build.0 = Release|x86
		{093B97B0-7095-4FE1-A99E-58230C66E19D}.ReleaseX64|Any CPU.ActiveCfg = Release|x86
		{093B97B0-7095-4FE1-A99E-58230C66E19D}.ReleaseX64|Mixed Platforms.ActiveCfg = Release|x86
		{093B97B0-7095-4FE1-A99E-58230C66E19D}.ReleaseX64|Mixed Platforms.Build.0 = Release|x86
		{093B97B0-7095-4FE1-A99E-58230C66E19D}.ReleaseX64|x64.ActiveCfg = Release|x86
		{093B97B0-7095-4FE1-A99E-58230C66E19D}.ReleaseX64|x86.ActiveCfg = Release|x86
		{093B97B0-7095-4FE1-A99E-58230C66E19D}.ReleaseX64|x86.Build.0 = Release|x86
		{ACCE5095-109A-455A-AC05-7A78C1222F01}.CodeAnalysisDebug|Any CPU.ActiveCfg = Debug|x86
		{ACCE5095-109A-455A-AC05-7A78C1222F01}.CodeAnalysisDebug|Mixed Platforms.ActiveCfg = Debug|x86
		{ACCE5095-109A-455A-AC05-7A78C1222F01}.CodeAnalysisDebug|Mixed Platforms.Build.0 = Debug|x86
		{ACCE5095-109A-455A-AC05-7A78C1222F01}.CodeAnalysisDebug|x64.ActiveCfg = Debug|x86
		{ACCE5095-109A-455A-AC05-7A78C1222F01}.CodeAnalysisDebug|x86.ActiveCfg = Debug|x86
		{ACCE5095-109A-455A-AC05-7A78C1222F01}.CodeAnalysisDebug|x86.Build.0 = Debug|x86
		{ACCE5095-109A-455A-AC05-7A78C1222F01}.Debug|Any CPU.ActiveCfg = Debug|x86
		{ACCE5095-109A-455A-AC05-7A78C1222F01}.Debug|Mixed Platforms.ActiveCfg = Debug|x86
		{ACCE5095-109A-455A-AC05-7A78C1222F01}.Debug|Mixed Platforms.Build.0 = Debug|x86
		{ACCE5095-109A-455A-AC05-7A78C1222F01}.Debug|x64.ActiveCfg = Debug|x86
		{ACCE5095-109A-455A-AC05-7A78C1222F01}.Debug|x86.ActiveCfg = Debug|x86
		{ACCE5095-109A-455A-AC05-7A78C1222F01}.Debug|x86.Build.0 = Debug|x86
		{ACCE5095-109A-455A-AC05-7A78C1222F01}.Release|Any CPU.ActiveCfg = Release|x86
		{ACCE5095-109A-455A-AC05-7A78C1222F01}.Release|Mixed Platforms.ActiveCfg = Release|x86
		{ACCE5095-109A-455A-AC05-7A78C1222F01}.Release|Mixed Platforms.Build.0 = Release|x86
		{ACCE5095-109A-455A-AC05-7A78C1222F01}.Release|x64.ActiveCfg = Release|x86
		{ACCE5095-109A-455A-AC05-7A78C1222F01}.Release|x86.ActiveCfg = Release|x86
		{ACCE5095-109A-455A-AC05-7A78C1222F01}.Release|x86.Build.0 = Release|x86
		{ACCE5095-109A-455A-AC05-7A78C1222F01}.ReleaseX64|Any CPU.ActiveCfg = Release|x86
		{ACCE5095-109A-455A-AC05-7A78C1222F01}.ReleaseX64|Mixed Platforms.ActiveCfg = Release|x86
		{ACCE5095-109A-455A-AC05-7A78C1222F01}.ReleaseX64|Mixed Platforms.Build.0 = Release|x86
		{ACCE5095-109A-455A-AC05-7A78C1222F01}.ReleaseX64|x64.ActiveCfg = Release|x86
		{ACCE5095-109A-455A-AC05-7A78C1222F01}.ReleaseX64|x86.ActiveCfg = Release|x86
		{ACCE5095-109A-455A-AC05-7A78C1222F01}.ReleaseX64|x86.Build.0 = Release|x86
	EndGlobalSection
	GlobalSection(SolutionProperties) = preSolution
		HideSolutionNode = FALSE
	EndGlobalSection
EndGlobal
