
Microsoft Visual Studio Solution File, Format Version 12.00
# Visual Studio 2012
Project("{FAE04EC0-301F-11D3-BF4B-00C04F79EFBC}") = "ComInstall", "ComInstall\ComInstall.csproj", "{CCC8F373-ECCF-4313-A4C3-004059CA5507}"
EndProject
Project("{FAE04EC0-301F-11D3-BF4B-00C04F79EFBC}") = "CSShellExtThumbnailHandler", "CSShellExtThumbnailHandler\CSShellExtThumbnailHandler.csproj", "{764D46AA-3E8A-4C38-8FCB-92CA0D83497A}"
EndProject
Global
	GlobalSection(SolutionConfigurationPlatforms) = preSolution
		CodeAnalysisDebug|Any CPU = CodeAnalysisDebug|Any CPU
		CodeAnalysisDebug|Mixed Platforms = CodeAnalysisDebug|Mixed Platforms
		CodeAnalysisDebug|x64 = CodeAnalysisDebug|x64
		CodeAnalysisDebug|x86 = CodeAnalysisDebug|x86
		Debug|Any CPU = Debug|Any CPU
		Debug|Mixed Platforms = Debug|Mixed Platforms
		Debug|x64 = Debug|x64
		Debug|x86 = Debug|x86
		Release|Any CPU = Release|Any CPU
		Release|Mixed Platforms = Release|Mixed Platforms
		Release|x64 = Release|x64
		Release|x86 = Release|x86
		ReleaseX64|Any CPU = ReleaseX64|Any CPU
		ReleaseX64|Mixed Platforms = ReleaseX64|Mixed Platforms
		ReleaseX64|x64 = ReleaseX64|x64
		ReleaseX64|x86 = ReleaseX64|x86
	EndGlobalSection
	GlobalSection(ProjectConfigurationPlatforms) = postSolution
		{CCC8F373-ECCF-4313-A4C3-004059CA5507}.CodeAnalysisDebug|Any CPU.ActiveCfg = Debug|Any CPU
		{CCC8F373-ECCF-4313-A4C3-004059CA5507}.CodeAnalysisDebug|Any CPU.Build.0 = Debug|Any CPU
		{CCC8F373-ECCF-4313-A4C3-004059CA5507}.CodeAnalysisDebug|Mixed Platforms.ActiveCfg = Debug|Any CPU
		{CCC8F373-ECCF-4313-A4C3-004059CA5507}.CodeAnalysisDebug|Mixed Platforms.Build.0 = Debug|Any CPU
		{CCC8F373-ECCF-4313-A4C3-004059CA5507}.CodeAnalysisDebug|x64.ActiveCfg = Debug|Any CPU
		{CCC8F373-ECCF-4313-A4C3-004059CA5507}.CodeAnalysisDebug|x86.ActiveCfg = Debug|Any CPU
		{CCC8F373-ECCF-4313-A4C3-004059CA5507}.Debug|Any CPU.ActiveCfg = Debug|Any CPU
		{CCC8F373-ECCF-4313-A4C3-004059CA5507}.Debug|Any CPU.Build.0 = Debug|Any CPU
		{CCC8F373-ECCF-4313-A4C3-004059CA5507}.Debug|Mixed Platforms.ActiveCfg = Debug|Any CPU
		{CCC8F373-ECCF-4313-A4C3-004059CA5507}.Debug|Mixed Platforms.Build.0 = Debug|Any CPU
		{CCC8F373-ECCF-4313-A4C3-004059CA5507}.Debug|x64.ActiveCfg = Debug|Any CPU
		{CCC8F373-ECCF-4313-A4C3-004059CA5507}.Debug|x86.ActiveCfg = Debug|Any CPU
		{CCC8F373-ECCF-4313-A4C3-004059CA5507}.Release|Any CPU.ActiveCfg = Release|Any CPU
		{CCC8F373-ECCF-4313-A4C3-004059CA5507}.Release|Any CPU.Build.0 = Release|Any CPU
		{CCC8F373-ECCF-4313-A4C3-004059CA5507}.Release|Mixed Platforms.ActiveCfg = Release|Any CPU
		{CCC8F373-ECCF-4313-A4C3-004059CA5507}.Release|Mixed Platforms.Build.0 = Release|Any CPU
		{CCC8F373-ECCF-4313-A4C3-004059CA5507}.Release|x64.ActiveCfg = Release|Any CPU
		{CCC8F373-ECCF-4313-A4C3-004059CA5507}.Release|x86.ActiveCfg = Release|x86
		{CCC8F373-ECCF-4313-A4C3-004059CA5507}.Release|x86.Build.0 = Release|x86
		{CCC8F373-ECCF-4313-A4C3-004059CA5507}.ReleaseX64|Any CPU.ActiveCfg = Release|Any CPU
		{CCC8F373-ECCF-4313-A4C3-004059CA5507}.ReleaseX64|Any CPU.Build.0 = Release|Any CPU
		{CCC8F373-ECCF-4313-A4C3-004059CA5507}.ReleaseX64|Mixed Platforms.ActiveCfg = ReleaseX64|x64
		{CCC8F373-ECCF-4313-A4C3-004059CA5507}.ReleaseX64|Mixed Platforms.Build.0 = ReleaseX64|x64
		{CCC8F373-ECCF-4313-A4C3-004059CA5507}.ReleaseX64|x64.ActiveCfg = Release|Any CPU
		{CCC8F373-ECCF-4313-A4C3-004059CA5507}.ReleaseX64|x86.ActiveCfg = ReleaseX64|x64
		{CCC8F373-ECCF-4313-A4C3-004059CA5507}.ReleaseX64|x86.Build.0 = ReleaseX64|x64
		{764D46AA-3E8A-4C38-8FCB-92CA0D83497A}.CodeAnalysisDebug|Any CPU.ActiveCfg = Debug|Any CPU
		{764D46AA-3E8A-4C38-8FCB-92CA0D83497A}.CodeAnalysisDebug|Any CPU.Build.0 = Debug|Any CPU
		{764D46AA-3E8A-4C38-8FCB-92CA0D83497A}.CodeAnalysisDebug|Mixed Platforms.ActiveCfg = Debug|x86
		{764D46AA-3E8A-4C38-8FCB-92CA0D83497A}.CodeAnalysisDebug|Mixed Platforms.Build.0 = Debug|x86
		{764D46AA-3E8A-4C38-8FCB-92CA0D83497A}.CodeAnalysisDebug|x64.ActiveCfg = Debug|x64
		{764D46AA-3E8A-4C38-8FCB-92CA0D83497A}.CodeAnalysisDebug|x64.Build.0 = Debug|x64
		{764D46AA-3E8A-4C38-8FCB-92CA0D83497A}.CodeAnalysisDebug|x86.ActiveCfg = Debug|x86
		{764D46AA-3E8A-4C38-8FCB-92CA0D83497A}.CodeAnalysisDebug|x86.Build.0 = Debug|x86
		{764D46AA-3E8A-4C38-8FCB-92CA0D83497A}.Debug|Any CPU.ActiveCfg = Debug|Any CPU
		{764D46AA-3E8A-4C38-8FCB-92CA0D83497A}.Debug|Any CPU.Build.0 = Debug|Any CPU
		{764D46AA-3E8A-4C38-8FCB-92CA0D83497A}.Debug|Mixed Platforms.ActiveCfg = Debug|x86
		{764D46AA-3E8A-4C38-8FCB-92CA0D83497A}.Debug|Mixed Platforms.Build.0 = Debug|x86
		{764D46AA-3E8A-4C38-8FCB-92CA0D83497A}.Debug|x64.ActiveCfg = Debug|x64
		{764D46AA-3E8A-4C38-8FCB-92CA0D83497A}.Debug|x64.Build.0 = Debug|x64
		{764D46AA-3E8A-4C38-8FCB-92CA0D83497A}.Debug|x86.ActiveCfg = Debug|x86
		{764D46AA-3E8A-4C38-8FCB-92CA0D83497A}.Debug|x86.Build.0 = Debug|x86
		{764D46AA-3E8A-4C38-8FCB-92CA0D83497A}.Release|Any CPU.ActiveCfg = Release|Any CPU
		{764D46AA-3E8A-4C38-8FCB-92CA0D83497A}.Release|Any CPU.Build.0 = Release|Any CPU
		{764D46AA-3E8A-4C38-8FCB-92CA0D83497A}.Release|Mixed Platforms.ActiveCfg = Release|x86
		{764D46AA-3E8A-4C38-8FCB-92CA0D83497A}.Release|Mixed Platforms.Build.0 = Release|x86
		{764D46AA-3E8A-4C38-8FCB-92CA0D83497A}.Release|x64.ActiveCfg = Release|x64
		{764D46AA-3E8A-4C38-8FCB-92CA0D83497A}.Release|x64.Build.0 = Release|x64
		{764D46AA-3E8A-4C38-8FCB-92CA0D83497A}.Release|x86.ActiveCfg = Release|x86
		{764D46AA-3E8A-4C38-8FCB-92CA0D83497A}.Release|x86.Build.0 = Release|x86
		{764D46AA-3E8A-4C38-8FCB-92CA0D83497A}.ReleaseX64|Any CPU.ActiveCfg = ReleaseX64|Any CPU
		{764D46AA-3E8A-4C38-8FCB-92CA0D83497A}.ReleaseX64|Any CPU.Build.0 = ReleaseX64|Any CPU
		{764D46AA-3E8A-4C38-8FCB-92CA0D83497A}.ReleaseX64|Mixed Platforms.ActiveCfg = ReleaseX64|x86
		{764D46AA-3E8A-4C38-8FCB-92CA0D83497A}.ReleaseX64|Mixed Platforms.Build.0 = ReleaseX64|x86
		{764D46AA-3E8A-4C38-8FCB-92CA0D83497A}.ReleaseX64|x64.ActiveCfg = ReleaseX64|x64
		{764D46AA-3E8A-4C38-8FCB-92CA0D83497A}.ReleaseX64|x64.Build.0 = ReleaseX64|x64
		{764D46AA-3E8A-4C38-8FCB-92CA0D83497A}.ReleaseX64|x86.ActiveCfg = ReleaseX64|x86
		{764D46AA-3E8A-4C38-8FCB-92CA0D83497A}.ReleaseX64|x86.Build.0 = ReleaseX64|x86
	EndGlobalSection
	GlobalSection(SolutionProperties) = preSolution
		HideSolutionNode = FALSE
	EndGlobalSection
EndGlobal
